
Microsoft Visual Studio Solution File, Format Version 12.00
# Visual Studio Version 16
VisualStudioVersion = 16.0.31515.178
MinimumVisualStudioVersion = 10.0.40219.1
Project("{888888A0-9F3D-457C-B088-3A5042F75D52}") = "CIS261WK8Lab1", "CIS261WK8Lab1.pyproj", "{6738FE1E-BBB9-4128-A546-BB9F1302EC0F}"
EndProject
Global
	GlobalSection(SolutionConfigurationPlatforms) = preSolution
		Debug|Any CPU = Debug|Any CPU
		Release|Any CPU = Release|Any CPU
	EndGlobalSection
	GlobalSection(ProjectConfigurationPlatforms) = postSolution
		{6738FE1E-BBB9-4128-A546-BB9F1302EC0F}.Debug|Any CPU.ActiveCfg = Debug|Any CPU
		{6738FE1E-BBB9-4128-A546-BB9F1302EC0F}.Release|Any CPU.ActiveCfg = Release|Any CPU
	EndGlobalSection
	GlobalSection(SolutionProperties) = preSolution
		HideSolutionNode = FALSE
	EndGlobalSection
	GlobalSection(ExtensibilityGlobals) = postSolution
		SolutionGuid = {B2D5E9A5-3640-48A4-B32D-30AF17C2EB91}
	EndGlobalSection
EndGlobal
